
Microsoft Visual Studio Solution File, Format Version 12.00
# Visual Studio Version 16
VisualStudioVersion = 16.0.32413.511
MinimumVisualStudioVersion = 10.0.40219.1
Project("{FAE04EC0-301F-11D3-BF4B-00C04F79EFBC}") = "NotaConsumidor", "NotaConsumidor\NotaConsumidor.csproj", "{417D9448-40CD-482A-8FC3-7FF979E02CE3}"
EndProject
Global
	GlobalSection(SolutionConfigurationPlatforms) = preSolution
		Debug|Any CPU = Debug|Any CPU
		Release|Any CPU = Release|Any CPU
	EndGlobalSection
	GlobalSection(ProjectConfigurationPlatforms) = postSolution
		{417D9448-40CD-482A-8FC3-7FF979E02CE3}.Debug|Any CPU.ActiveCfg = Debug|Any CPU
		{417D9448-40CD-482A-8FC3-7FF979E02CE3}.Debug|Any CPU.Build.0 = Debug|Any CPU
		{417D9448-40CD-482A-8FC3-7FF979E02CE3}.Release|Any CPU.ActiveCfg = Release|Any CPU
		{417D9448-40CD-482A-8FC3-7FF979E02CE3}.Release|Any CPU.Build.0 = Release|Any CPU
	EndGlobalSection
	GlobalSection(SolutionProperties) = preSolution
		HideSolutionNode = FALSE
	EndGlobalSection
	GlobalSection(ExtensibilityGlobals) = postSolution
		SolutionGuid = {5316C208-CC9B-4EDF-9D5A-A0D2B2AA60BC}
	EndGlobalSection
EndGlobal
